
Microsoft Visual Studio Solution File, Format Version 12.00
# Visual Studio 15
VisualStudioVersion = 15.0.27703.2018
MinimumVisualStudioVersion = 10.0.40219.1
Project("{FAE04EC0-301F-11D3-BF4B-00C04F79EFBC}") = "new new assignment 3", "new new assignment 3\new new assignment 3.csproj", "{758FAE50-9D0C-49A0-984F-2458E17CD77E}"
EndProject
Global
	GlobalSection(SolutionConfigurationPlatforms) = preSolution
		Debug|Any CPU = Debug|Any CPU
		Release|Any CPU = Release|Any CPU
	EndGlobalSection
	GlobalSection(ProjectConfigurationPlatforms) = postSolution
		{758FAE50-9D0C-49A0-984F-2458E17CD77E}.Debug|Any CPU.ActiveCfg = Debug|Any CPU
		{758FAE50-9D0C-49A0-984F-2458E17CD77E}.Debug|Any CPU.Build.0 = Debug|Any CPU
		{758FAE50-9D0C-49A0-984F-2458E17CD77E}.Release|Any CPU.ActiveCfg = Release|Any CPU
		{758FAE50-9D0C-49A0-984F-2458E17CD77E}.Release|Any CPU.Build.0 = Release|Any CPU
	EndGlobalSection
	GlobalSection(SolutionProperties) = preSolution
		HideSolutionNode = FALSE
	EndGlobalSection
	GlobalSection(ExtensibilityGlobals) = postSolution
		SolutionGuid = {8EAD2A99-F3E4-41CF-8E87-9FFD43B9CD84}
	EndGlobalSection
EndGlobal
